dependencies:
- name: nats
  repository: https://charts.bitnami.com/bitnami
  version: 8.4.4
- name: postgresql
  repository: https://charts.bitnami.com/bitnami
  version: 16.0.1
digest: sha256:37049a4d01294736066d8e802d6343fe803af0a10dde676bbc34eb1b49bcbb3b
generated: "2024-10-16T16:59:20.489351+05:30"
