dependencies:
- name: imgproxy
  repository: https://factly.github.io/helm-charts
  version: 0.1.4
- name: meilisearch
  repository: https://factly.github.io/helm-charts
  version: 0.1.5
- name: minio
  repository: https://helm.min.io/
  version: 8.0.9
digest: sha256:cf31a30cc6b54582f13837c028af2e39d1281181a7ca1bb42439d86b75701e80
generated: "2021-02-10T21:00:49.819409-06:00"
