dependencies:
- name: imgproxy
  repository: https://factly.github.io/helm-charts
  version: 0.1.4
- name: meilisearch
  repository: https://factly.github.io/helm-charts
  version: 0.1.5
digest: sha256:8d6ea566e3da8a905aaaca636f8c48eed268799680be9b49c07bc36cc0965106
generated: "2024-06-10T19:55:03.456178+05:30"
