dependencies:
- name: imgproxy
  repository: https://factly.github.io/helm-charts
  version: 0.1.4
- name: meilisearch
  repository: https://factly.github.io/helm-charts
  version: 0.1.5
- name: minio
  repository: https://charts.min.io/
  version: 5.2.0
digest: sha256:12c92f08a9af21973a72c4a29b04ffe6c7423733d8340177557759ed1b9b1e0c
generated: "2024-06-10T19:48:17.526963+05:30"
