dependencies:
- name: imgproxy
  repository: https://factly.github.io/helm-charts
  version: 0.1.4
- name: minio
  repository: https://helm.min.io/
  version: 8.0.9
- name: postgresql
  repository: https://charts.bitnami.com/bitnami
  version: 10.2.8
- name: keto
  repository: https://k8s.ory.sh/helm/charts
  version: 0.5.3
- name: companion
  repository: file://../companion
  version: 0.1.3
digest: sha256:097da34583313d82ffd9d00c91903625fca2bf5ad1c2e0c9fa759c808341a8b3
generated: "2021-02-12T03:51:00.501009-06:00"
