dependencies:
- name: imgproxy
  repository: https://factly.github.io/helm-charts
  version: 0.2.6
- name: minio
  repository: https://charts.min.io/
  version: 5.3.0
- name: postgresql
  repository: https://charts.bitnami.com/bitnami
  version: 16.0.1
- name: kratos
  repository: https://k8s.ory.sh/helm/charts
  version: 0.25.6
- name: oathkeeper
  repository: https://k8s.ory.sh/helm/charts
  version: 0.22.2
- name: keto
  repository: https://k8s.ory.sh/helm/charts
  version: 0.25.6
- name: companion
  repository: file://../companion
  version: 0.1.10
digest: sha256:a40c4fe261cc29c6a2a820ec7419788bc097fb123d16ba91e312edec6c268225
generated: "2024-10-16T17:09:07.030372+05:30"
