dependencies:
- name: imgproxy
  repository: https://factly.github.io/helm-charts
  version: 0.1.4
- name: minio
  repository: https://helm.min.io/
  version: 8.0.10
- name: postgresql
  repository: https://charts.bitnami.com/bitnami
  version: 11.1.9
digest: sha256:4e593be36e99090694f463de6bf4ed0e8dc580dbeccbb3433e33ee9ca4cc2ffe
generated: "2022-03-19T13:53:56.958641-05:00"
